
Microsoft Visual Studio Solution File, Format Version 12.00
# Visual Studio Version 17
VisualStudioVersion = 17.9.34723.18
MinimumVisualStudioVersion = 10.0.40219.1
Project("{FAE04EC0-301F-11D3-BF4B-00C04F79EFBC}") = "WindowsFormsControlLibrary", "WindowsFormsControlLibrary\WindowsFormsControlLibrary.csproj", "{DDF5B34C-DC9D-4599-8CAE-62F8E94C8C16}"
EndProject
Project("{FAE04EC0-301F-11D3-BF4B-00C04F79EFBC}") = "WpfControlLibrary", "WpfControlLibrary\WpfControlLibrary.csproj", "{23D1C11C-EE74-4465-A3EB-6B570B6EAE2A}"
EndProject
Project("{FAE04EC0-301F-11D3-BF4B-00C04F79EFBC}") = "WpfCustomControlLibrary", "WpfCustomControlLibrary\WpfCustomControlLibrary.csproj", "{57A7C90B-3CA9-4465-9E91-BE55183761BC}"
EndProject
Project("{FAE04EC0-301F-11D3-BF4B-00C04F79EFBC}") = "WpfApp", "WpfApp\WpfApp.csproj", "{D26AF663-2CD5-4ED4-A6BF-15D36B10298B}"
EndProject
Project("{FAE04EC0-301F-11D3-BF4B-00C04F79EFBC}") = "WindowsFormsApp", "WindowsFormsApp\WindowsFormsApp.csproj", "{BA17E35B-1CA4-4774-ABCE-B60EE240BA68}"
EndProject
Project("{FAE04EC0-301F-11D3-BF4B-00C04F79EFBC}") = "uImage.Display", "uImage.Display\uImage.Display.csproj", "{3D265D4F-108A-4493-BA85-C32CAA1DEDC3}"
EndProject
Global
	GlobalSection(SolutionConfigurationPlatforms) = preSolution
		Debug|Any CPU = Debug|Any CPU
		Release|Any CPU = Release|Any CPU
	EndGlobalSection
	GlobalSection(ProjectConfigurationPlatforms) = postSolution
		{DDF5B34C-DC9D-4599-8CAE-62F8E94C8C16}.Debug|Any CPU.ActiveCfg = Debug|Any CPU
		{DDF5B34C-DC9D-4599-8CAE-62F8E94C8C16}.Debug|Any CPU.Build.0 = Debug|Any CPU
		{DDF5B34C-DC9D-4599-8CAE-62F8E94C8C16}.Release|Any CPU.ActiveCfg = Release|Any CPU
		{DDF5B34C-DC9D-4599-8CAE-62F8E94C8C16}.Release|Any CPU.Build.0 = Release|Any CPU
		{23D1C11C-EE74-4465-A3EB-6B570B6EAE2A}.Debug|Any CPU.ActiveCfg = Debug|Any CPU
		{23D1C11C-EE74-4465-A3EB-6B570B6EAE2A}.Debug|Any CPU.Build.0 = Debug|Any CPU
		{23D1C11C-EE74-4465-A3EB-6B570B6EAE2A}.Release|Any CPU.ActiveCfg = Release|Any CPU
		{23D1C11C-EE74-4465-A3EB-6B570B6EAE2A}.Release|Any CPU.Build.0 = Release|Any CPU
		{57A7C90B-3CA9-4465-9E91-BE55183761BC}.Debug|Any CPU.ActiveCfg = Debug|Any CPU
		{57A7C90B-3CA9-4465-9E91-BE55183761BC}.Debug|Any CPU.Build.0 = Debug|Any CPU
		{57A7C90B-3CA9-4465-9E91-BE55183761BC}.Release|Any CPU.ActiveCfg = Release|Any CPU
		{57A7C90B-3CA9-4465-9E91-BE55183761BC}.Release|Any CPU.Build.0 = Release|Any CPU
		{D26AF663-2CD5-4ED4-A6BF-15D36B10298B}.Debug|Any CPU.ActiveCfg = Debug|Any CPU
		{D26AF663-2CD5-4ED4-A6BF-15D36B10298B}.Debug|Any CPU.Build.0 = Debug|Any CPU
		{D26AF663-2CD5-4ED4-A6BF-15D36B10298B}.Release|Any CPU.ActiveCfg = Release|Any CPU
		{D26AF663-2CD5-4ED4-A6BF-15D36B10298B}.Release|Any CPU.Build.0 = Release|Any CPU
		{BA17E35B-1CA4-4774-ABCE-B60EE240BA68}.Debug|Any CPU.ActiveCfg = Debug|Any CPU
		{BA17E35B-1CA4-4774-ABCE-B60EE240BA68}.Debug|Any CPU.Build.0 = Debug|Any CPU
		{BA17E35B-1CA4-4774-ABCE-B60EE240BA68}.Release|Any CPU.ActiveCfg = Release|Any CPU
		{BA17E35B-1CA4-4774-ABCE-B60EE240BA68}.Release|Any CPU.Build.0 = Release|Any CPU
		{3D265D4F-108A-4493-BA85-C32CAA1DEDC3}.Debug|Any CPU.ActiveCfg = Debug|Any CPU
		{3D265D4F-108A-4493-BA85-C32CAA1DEDC3}.Debug|Any CPU.Build.0 = Debug|Any CPU
		{3D265D4F-108A-4493-BA85-C32CAA1DEDC3}.Release|Any CPU.ActiveCfg = Release|Any CPU
		{3D265D4F-108A-4493-BA85-C32CAA1DEDC3}.Release|Any CPU.Build.0 = Release|Any CPU
	EndGlobalSection
	GlobalSection(SolutionProperties) = preSolution
		HideSolutionNode = FALSE
	EndGlobalSection
	GlobalSection(ExtensibilityGlobals) = postSolution
		SolutionGuid = {069975C6-C6CD-4EB1-8F5D-E51C75FD6226}
	EndGlobalSection
EndGlobal
